
Microsoft Visual Studio Solution File, Format Version 12.00
# Visual Studio Version 17
VisualStudioVersion = 17.10.34928.147
MinimumVisualStudioVersion = 10.0.40219.1
Project("{FAE04EC0-301F-11D3-BF4B-00C04F79EFBC}") = "PB503-Array, Big O notation, Object homework", "PB503-Array, Big O notation, Object homework\PB503-Array, Big O notation, Object homework.csproj", "{264D5340-B4BB-468E-9691-FBFCB32F4EFC}"
EndProject
Global
	GlobalSection(SolutionConfigurationPlatforms) = preSolution
		Debug|Any CPU = Debug|Any CPU
		Release|Any CPU = Release|Any CPU
	EndGlobalSection
	GlobalSection(ProjectConfigurationPlatforms) = postSolution
		{264D5340-B4BB-468E-9691-FBFCB32F4EFC}.Debug|Any CPU.ActiveCfg = Debug|Any CPU
		{264D5340-B4BB-468E-9691-FBFCB32F4EFC}.Debug|Any CPU.Build.0 = Debug|Any CPU
		{264D5340-B4BB-468E-9691-FBFCB32F4EFC}.Release|Any CPU.ActiveCfg = Release|Any CPU
		{264D5340-B4BB-468E-9691-FBFCB32F4EFC}.Release|Any CPU.Build.0 = Release|Any CPU
	EndGlobalSection
	GlobalSection(SolutionProperties) = preSolution
		HideSolutionNode = FALSE
	EndGlobalSection
	GlobalSection(ExtensibilityGlobals) = postSolution
		SolutionGuid = {6E558AD9-2607-43F1-AE39-E01EC14BE648}
	EndGlobalSection
EndGlobal
